
Microsoft Visual Studio Solution File, Format Version 12.00
# Visual Studio Version 17
VisualStudioVersion = 17.0.31903.59
MinimumVisualStudioVersion = 10.0.40219.1
Project("{FAE04EC0-301F-11D3-BF4B-00C04F79EFBC}") = "Blueshift Application Problems", "Blueshift Application Problems\Blueshift Application Problems.csproj", "{9EC90A12-9083-4F25-A507-D0E0F1C05B72}"
EndProject
Global
	GlobalSection(SolutionConfigurationPlatforms) = preSolution
		Debug|Any CPU = Debug|Any CPU
		Release|Any CPU = Release|Any CPU
	EndGlobalSection
	GlobalSection(ProjectConfigurationPlatforms) = postSolution
		{9EC90A12-9083-4F25-A507-D0E0F1C05B72}.Debug|Any CPU.ActiveCfg = Debug|Any CPU
		{9EC90A12-9083-4F25-A507-D0E0F1C05B72}.Debug|Any CPU.Build.0 = Debug|Any CPU
		{9EC90A12-9083-4F25-A507-D0E0F1C05B72}.Release|Any CPU.ActiveCfg = Release|Any CPU
		{9EC90A12-9083-4F25-A507-D0E0F1C05B72}.Release|Any CPU.Build.0 = Release|Any CPU
	EndGlobalSection
	GlobalSection(SolutionProperties) = preSolution
		HideSolutionNode = FALSE
	EndGlobalSection
	GlobalSection(ExtensibilityGlobals) = postSolution
		SolutionGuid = {DFF561CC-6F18-451E-8066-6CFB75461070}
	EndGlobalSection
EndGlobal
